
Microsoft Visual Studio Solution File, Format Version 12.00
# Visual Studio 15
VisualStudioVersion = 15.0.28307.852
MinimumVisualStudioVersion = 10.0.40219.1
Project("{FAE04EC0-301F-11D3-BF4B-00C04F79EFBC}") = "MyMVC", "MyMVC\MyMVC.csproj", "{495B7BD5-CD9E-4542-B6C1-8B2556D0D845}"
EndProject
Project("{FAE04EC0-301F-11D3-BF4B-00C04F79EFBC}") = "MyMVC.Tests", "MyMVC.Tests\MyMVC.Tests.csproj", "{AD0C7B31-528F-4A91-B6C9-316DD4190ED1}"
EndProject
Project("{E53339B2-1760-4266-BCC7-CA923CBCF16C}") = "docker-compose", "docker-compose.dcproj", "{73D1E9E4-98BF-4B68-B79F-4B044AAE3A9E}"
EndProject
Global
	GlobalSection(SolutionConfigurationPlatforms) = preSolution
		Debug|Any CPU = Debug|Any CPU
		Release|Any CPU = Release|Any CPU
	EndGlobalSection
	GlobalSection(ProjectConfigurationPlatforms) = postSolution
		{495B7BD5-CD9E-4542-B6C1-8B2556D0D845}.Debug|Any CPU.ActiveCfg = Debug|Any CPU
		{495B7BD5-CD9E-4542-B6C1-8B2556D0D845}.Debug|Any CPU.Build.0 = Debug|Any CPU
		{495B7BD5-CD9E-4542-B6C1-8B2556D0D845}.Release|Any CPU.ActiveCfg = Release|Any CPU
		{495B7BD5-CD9E-4542-B6C1-8B2556D0D845}.Release|Any CPU.Build.0 = Release|Any CPU
		{AD0C7B31-528F-4A91-B6C9-316DD4190ED1}.Debug|Any CPU.ActiveCfg = Debug|Any CPU
		{AD0C7B31-528F-4A91-B6C9-316DD4190ED1}.Debug|Any CPU.Build.0 = Debug|Any CPU
		{AD0C7B31-528F-4A91-B6C9-316DD4190ED1}.Release|Any CPU.ActiveCfg = Release|Any CPU
		{AD0C7B31-528F-4A91-B6C9-316DD4190ED1}.Release|Any CPU.Build.0 = Release|Any CPU
		{73D1E9E4-98BF-4B68-B79F-4B044AAE3A9E}.Debug|Any CPU.ActiveCfg = Debug|Any CPU
		{73D1E9E4-98BF-4B68-B79F-4B044AAE3A9E}.Debug|Any CPU.Build.0 = Debug|Any CPU
		{73D1E9E4-98BF-4B68-B79F-4B044AAE3A9E}.Release|Any CPU.ActiveCfg = Release|Any CPU
		{73D1E9E4-98BF-4B68-B79F-4B044AAE3A9E}.Release|Any CPU.Build.0 = Release|Any CPU
	EndGlobalSection
	GlobalSection(SolutionProperties) = preSolution
		HideSolutionNode = FALSE
	EndGlobalSection
	GlobalSection(ExtensibilityGlobals) = postSolution
		SolutionGuid = {93647822-052F-46A6-80C1-38B1694D0DE8}
	EndGlobalSection
EndGlobal
